
Microsoft Visual Studio Solution File, Format Version 12.00
# Visual Studio Version 17
VisualStudioVersion = 17.5.002.0
MinimumVisualStudioVersion = 10.0.40219.1
Project("{9A19103F-16F7-4668-BE54-9A1E7A4F7556}") = "somaMultiplos", "soma_multiplos\somaMultiplos.csproj", "{D5A6F451-1CE7-4303-A1D0-6899DFB3999C}"
EndProject
Project("{2150E333-8FDC-42A3-9474-1A3956D46DE8}") = "BACK", "BACK", "{C1235909-89EA-4EB3-A194-4FD329A2CBD8}"
EndProject
Project("{2150E333-8FDC-42A3-9474-1A3956D46DE8}") = "C#", "C#", "{3142EB62-47A6-4241-A91D-EA0EAFD102A7}"
EndProject
Project("{2150E333-8FDC-42A3-9474-1A3956D46DE8}") = "Contains", "Contains", "{1ADCAFA4-6ED4-46C1-973C-CB5EA39DA884}"
EndProject
Project("{9A19103F-16F7-4668-BE54-9A1E7A4F7556}") = "Contains", "BACK\C#\Contains\Contains\Contains.csproj", "{EB85D9AF-F8D5-4202-A9CB-CC38C1EA57EF}"
EndProject
Project("{2150E333-8FDC-42A3-9474-1A3956D46DE8}") = "Decimais", "Decimais", "{7B539132-71A1-4DD6-8F00-CCFCDF986348}"
EndProject
Project("{9A19103F-16F7-4668-BE54-9A1E7A4F7556}") = "decimais", "BACK\C#\Decimais\decimais\decimais.csproj", "{27AAD0FB-BCBE-4737-B560-C2BCA26C5A8D}"
EndProject
Project("{2150E333-8FDC-42A3-9474-1A3956D46DE8}") = "Ends With", "Ends With", "{86FB2253-DC3D-4DA8-ACB2-03D50E6D1D12}"
EndProject
Project("{9A19103F-16F7-4668-BE54-9A1E7A4F7556}") = "endsWith", "BACK\C#\Ends With\endsWith\endsWith.csproj", "{C8550550-757B-44EE-8E85-53B83EE68C7D}"
EndProject
Project("{2150E333-8FDC-42A3-9474-1A3956D46DE8}") = "gerais", "gerais", "{288D833F-C006-4069-8ADB-51D08B4CBC37}"
EndProject
Project("{9A19103F-16F7-4668-BE54-9A1E7A4F7556}") = "arrey Diff", "BACK\C#\gerais\arrey Diff\arrey Diff.csproj", "{FC875022-A9BF-40DF-8FB1-085AC62105C7}"
EndProject
Project("{9A19103F-16F7-4668-BE54-9A1E7A4F7556}") = "Converte int para string", "BACK\C#\gerais\Converte int para string\Converte int para string.csproj", "{0568DF35-4039-4BD3-A558-47E657DD265D}"
EndProject
Project("{9A19103F-16F7-4668-BE54-9A1E7A4F7556}") = "make-valley", "BACK\C#\gerais\make-valley\make-valley.csproj", "{E8479665-1A49-436A-9470-D3E8F50781F6}"
EndProject
Project("{2150E333-8FDC-42A3-9474-1A3956D46DE8}") = "IF", "IF", "{4936E06B-F0B5-4339-96C6-9B6FD56B2FBA}"
EndProject
Project("{9A19103F-16F7-4668-BE54-9A1E7A4F7556}") = "IF", "BACK\C#\IF\IF\IF.csproj", "{8F391E11-E950-410C-83B8-73C3534A467A}"
EndProject
Project("{2150E333-8FDC-42A3-9474-1A3956D46DE8}") = "Start With", "Start With", "{F19AD5B3-04FD-4A41-867C-119B23CC3ABD}"
EndProject
Project("{9A19103F-16F7-4668-BE54-9A1E7A4F7556}") = "Start With", "BACK\C#\Start With\Start With\Start With.csproj", "{6A8A33A2-8CD7-4805-A77B-E6015571C9F6}"
EndProject
Global
	GlobalSection(SolutionConfigurationPlatforms) = preSolution
		Debug|Any CPU = Debug|Any CPU
		Release|Any CPU = Release|Any CPU
	EndGlobalSection
	GlobalSection(ProjectConfigurationPlatforms) = postSolution
		{D5A6F451-1CE7-4303-A1D0-6899DFB3999C}.Debug|Any CPU.ActiveCfg = Debug|Any CPU
		{D5A6F451-1CE7-4303-A1D0-6899DFB3999C}.Debug|Any CPU.Build.0 = Debug|Any CPU
		{D5A6F451-1CE7-4303-A1D0-6899DFB3999C}.Release|Any CPU.ActiveCfg = Release|Any CPU
		{D5A6F451-1CE7-4303-A1D0-6899DFB3999C}.Release|Any CPU.Build.0 = Release|Any CPU
		{EB85D9AF-F8D5-4202-A9CB-CC38C1EA57EF}.Debug|Any CPU.ActiveCfg = Debug|Any CPU
		{EB85D9AF-F8D5-4202-A9CB-CC38C1EA57EF}.Debug|Any CPU.Build.0 = Debug|Any CPU
		{EB85D9AF-F8D5-4202-A9CB-CC38C1EA57EF}.Release|Any CPU.ActiveCfg = Release|Any CPU
		{EB85D9AF-F8D5-4202-A9CB-CC38C1EA57EF}.Release|Any CPU.Build.0 = Release|Any CPU
		{27AAD0FB-BCBE-4737-B560-C2BCA26C5A8D}.Debug|Any CPU.ActiveCfg = Debug|Any CPU
		{27AAD0FB-BCBE-4737-B560-C2BCA26C5A8D}.Debug|Any CPU.Build.0 = Debug|Any CPU
		{27AAD0FB-BCBE-4737-B560-C2BCA26C5A8D}.Release|Any CPU.ActiveCfg = Release|Any CPU
		{27AAD0FB-BCBE-4737-B560-C2BCA26C5A8D}.Release|Any CPU.Build.0 = Release|Any CPU
		{C8550550-757B-44EE-8E85-53B83EE68C7D}.Debug|Any CPU.ActiveCfg = Debug|Any CPU
		{C8550550-757B-44EE-8E85-53B83EE68C7D}.Debug|Any CPU.Build.0 = Debug|Any CPU
		{C8550550-757B-44EE-8E85-53B83EE68C7D}.Release|Any CPU.ActiveCfg = Release|Any CPU
		{C8550550-757B-44EE-8E85-53B83EE68C7D}.Release|Any CPU.Build.0 = Release|Any CPU
		{FC875022-A9BF-40DF-8FB1-085AC62105C7}.Debug|Any CPU.ActiveCfg = Debug|Any CPU
		{FC875022-A9BF-40DF-8FB1-085AC62105C7}.Debug|Any CPU.Build.0 = Debug|Any CPU
		{FC875022-A9BF-40DF-8FB1-085AC62105C7}.Release|Any CPU.ActiveCfg = Release|Any CPU
		{FC875022-A9BF-40DF-8FB1-085AC62105C7}.Release|Any CPU.Build.0 = Release|Any CPU
		{0568DF35-4039-4BD3-A558-47E657DD265D}.Debug|Any CPU.ActiveCfg = Debug|Any CPU
		{0568DF35-4039-4BD3-A558-47E657DD265D}.Debug|Any CPU.Build.0 = Debug|Any CPU
		{0568DF35-4039-4BD3-A558-47E657DD265D}.Release|Any CPU.ActiveCfg = Release|Any CPU
		{0568DF35-4039-4BD3-A558-47E657DD265D}.Release|Any CPU.Build.0 = Release|Any CPU
		{E8479665-1A49-436A-9470-D3E8F50781F6}.Debug|Any CPU.ActiveCfg = Debug|Any CPU
		{E8479665-1A49-436A-9470-D3E8F50781F6}.Debug|Any CPU.Build.0 = Debug|Any CPU
		{E8479665-1A49-436A-9470-D3E8F50781F6}.Release|Any CPU.ActiveCfg = Release|Any CPU
		{E8479665-1A49-436A-9470-D3E8F50781F6}.Release|Any CPU.Build.0 = Release|Any CPU
		{8F391E11-E950-410C-83B8-73C3534A467A}.Debug|Any CPU.ActiveCfg = Debug|Any CPU
		{8F391E11-E950-410C-83B8-73C3534A467A}.Debug|Any CPU.Build.0 = Debug|Any CPU
		{8F391E11-E950-410C-83B8-73C3534A467A}.Release|Any CPU.ActiveCfg = Release|Any CPU
		{8F391E11-E950-410C-83B8-73C3534A467A}.Release|Any CPU.Build.0 = Release|Any CPU
		{6A8A33A2-8CD7-4805-A77B-E6015571C9F6}.Debug|Any CPU.ActiveCfg = Debug|Any CPU
		{6A8A33A2-8CD7-4805-A77B-E6015571C9F6}.Debug|Any CPU.Build.0 = Debug|Any CPU
		{6A8A33A2-8CD7-4805-A77B-E6015571C9F6}.Release|Any CPU.ActiveCfg = Release|Any CPU
		{6A8A33A2-8CD7-4805-A77B-E6015571C9F6}.Release|Any CPU.Build.0 = Release|Any CPU
	EndGlobalSection
	GlobalSection(SolutionProperties) = preSolution
		HideSolutionNode = FALSE
	EndGlobalSection
	GlobalSection(NestedProjects) = preSolution
		{3142EB62-47A6-4241-A91D-EA0EAFD102A7} = {C1235909-89EA-4EB3-A194-4FD329A2CBD8}
		{1ADCAFA4-6ED4-46C1-973C-CB5EA39DA884} = {3142EB62-47A6-4241-A91D-EA0EAFD102A7}
		{EB85D9AF-F8D5-4202-A9CB-CC38C1EA57EF} = {1ADCAFA4-6ED4-46C1-973C-CB5EA39DA884}
		{7B539132-71A1-4DD6-8F00-CCFCDF986348} = {3142EB62-47A6-4241-A91D-EA0EAFD102A7}
		{27AAD0FB-BCBE-4737-B560-C2BCA26C5A8D} = {7B539132-71A1-4DD6-8F00-CCFCDF986348}
		{86FB2253-DC3D-4DA8-ACB2-03D50E6D1D12} = {3142EB62-47A6-4241-A91D-EA0EAFD102A7}
		{C8550550-757B-44EE-8E85-53B83EE68C7D} = {86FB2253-DC3D-4DA8-ACB2-03D50E6D1D12}
		{288D833F-C006-4069-8ADB-51D08B4CBC37} = {3142EB62-47A6-4241-A91D-EA0EAFD102A7}
		{FC875022-A9BF-40DF-8FB1-085AC62105C7} = {288D833F-C006-4069-8ADB-51D08B4CBC37}
		{0568DF35-4039-4BD3-A558-47E657DD265D} = {288D833F-C006-4069-8ADB-51D08B4CBC37}
		{E8479665-1A49-436A-9470-D3E8F50781F6} = {288D833F-C006-4069-8ADB-51D08B4CBC37}
		{4936E06B-F0B5-4339-96C6-9B6FD56B2FBA} = {3142EB62-47A6-4241-A91D-EA0EAFD102A7}
		{8F391E11-E950-410C-83B8-73C3534A467A} = {4936E06B-F0B5-4339-96C6-9B6FD56B2FBA}
		{F19AD5B3-04FD-4A41-867C-119B23CC3ABD} = {3142EB62-47A6-4241-A91D-EA0EAFD102A7}
		{6A8A33A2-8CD7-4805-A77B-E6015571C9F6} = {F19AD5B3-04FD-4A41-867C-119B23CC3ABD}
	EndGlobalSection
	GlobalSection(ExtensibilityGlobals) = postSolution
		SolutionGuid = {A2E5DD11-C3F2-4A21-987E-C42E2BA3A3EE}
	EndGlobalSection
EndGlobal
